
Microsoft Visual Studio Solution File, Format Version 12.00
# Visual Studio 2013
VisualStudioVersion = 12.0.21005.1
MinimumVisualStudioVersion = 10.0.40219.1
Project("{FAE04EC0-301F-11D3-BF4B-00C04F79EFBC}") = "SelfTools", "SelfTools\SelfTools.csproj", "{C538E96D-0CEE-4246-BAAE-B7C6586B7AB8}"
EndProject
Project("{FAE04EC0-301F-11D3-BF4B-00C04F79EFBC}") = "PDFOperate", "PDFOperate\PDFOperate.csproj", "{6AD161E6-CDF5-4C82-839C-7AFAECA4F16F}"
EndProject
Project("{FAE04EC0-301F-11D3-BF4B-00C04F79EFBC}") = "UnitTestProject1", "UnitTestProject1\UnitTestProject1.csproj", "{60A53DCC-B837-4BBF-8509-8065069D3854}"
EndProject
Project("{FAE04EC0-301F-11D3-BF4B-00C04F79EFBC}") = "Common", "Common\Common.csproj", "{0135BCC2-FD08-4910-AA89-B96FB97A292C}"
EndProject
Project("{FAE04EC0-301F-11D3-BF4B-00C04F79EFBC}") = "EmailOperate", "EmailOperate\EmailOperate.csproj", "{B2F8CADA-069D-4C08-8FE6-5FF8B10CDF90}"
EndProject
Project("{FAE04EC0-301F-11D3-BF4B-00C04F79EFBC}") = "JsonClassGeneratorLib", "JsonCSharpClassGeneratorLib\JsonClassGeneratorLib.csproj", "{7BEF7EAA-DE37-40FB-BD33-3DEF0685031F}"
EndProject
Project("{FAE04EC0-301F-11D3-BF4B-00C04F79EFBC}") = "ThreadTest", "ThreadTest\ThreadTest.csproj", "{808C766B-49E9-4700-8727-4C4980EFDE6D}"
EndProject
Project("{FAE04EC0-301F-11D3-BF4B-00C04F79EFBC}") = "AutoFacTest", "AutoFacTest\AutoFacTest.csproj", "{89B625C1-CB81-49B4-A4F5-57AC43E62576}"
EndProject
Project("{FAE04EC0-301F-11D3-BF4B-00C04F79EFBC}") = "WATestone", "WATestone\WATestone.csproj", "{6BD09AD9-EDE2-4A14-B81F-1614827242F2}"
EndProject
Project("{FAE04EC0-301F-11D3-BF4B-00C04F79EFBC}") = "Rename", "Rename\Rename.csproj", "{6A2CB3DD-5F55-4A61-903C-31374DD5057C}"
EndProject
Project("{FAE04EC0-301F-11D3-BF4B-00C04F79EFBC}") = "WebApI", "WebApI\WebApI.csproj", "{52630647-5CB0-43FA-9259-ECDC6F0D8883}"
EndProject
Project("{FAE04EC0-301F-11D3-BF4B-00C04F79EFBC}") = "ExcleOperate", "ExcleOperate\ExcleOperate.csproj", "{E4184C14-A2AD-4AB8-9D32-464402000516}"
EndProject
Global
	GlobalSection(SolutionConfigurationPlatforms) = preSolution
		Debug|Any CPU = Debug|Any CPU
		Release|Any CPU = Release|Any CPU
	EndGlobalSection
	GlobalSection(ProjectConfigurationPlatforms) = postSolution
		{C538E96D-0CEE-4246-BAAE-B7C6586B7AB8}.Debug|Any CPU.ActiveCfg = Debug|Any CPU
		{C538E96D-0CEE-4246-BAAE-B7C6586B7AB8}.Debug|Any CPU.Build.0 = Debug|Any CPU
		{C538E96D-0CEE-4246-BAAE-B7C6586B7AB8}.Release|Any CPU.ActiveCfg = Release|Any CPU
		{C538E96D-0CEE-4246-BAAE-B7C6586B7AB8}.Release|Any CPU.Build.0 = Release|Any CPU
		{6AD161E6-CDF5-4C82-839C-7AFAECA4F16F}.Debug|Any CPU.ActiveCfg = Debug|Any CPU
		{6AD161E6-CDF5-4C82-839C-7AFAECA4F16F}.Debug|Any CPU.Build.0 = Debug|Any CPU
		{6AD161E6-CDF5-4C82-839C-7AFAECA4F16F}.Release|Any CPU.ActiveCfg = Release|Any CPU
		{6AD161E6-CDF5-4C82-839C-7AFAECA4F16F}.Release|Any CPU.Build.0 = Release|Any CPU
		{60A53DCC-B837-4BBF-8509-8065069D3854}.Debug|Any CPU.ActiveCfg = Debug|Any CPU
		{60A53DCC-B837-4BBF-8509-8065069D3854}.Debug|Any CPU.Build.0 = Debug|Any CPU
		{60A53DCC-B837-4BBF-8509-8065069D3854}.Release|Any CPU.ActiveCfg = Release|Any CPU
		{60A53DCC-B837-4BBF-8509-8065069D3854}.Release|Any CPU.Build.0 = Release|Any CPU
		{0135BCC2-FD08-4910-AA89-B96FB97A292C}.Debug|Any CPU.ActiveCfg = Debug|Any CPU
		{0135BCC2-FD08-4910-AA89-B96FB97A292C}.Debug|Any CPU.Build.0 = Debug|Any CPU
		{0135BCC2-FD08-4910-AA89-B96FB97A292C}.Release|Any CPU.ActiveCfg = Release|Any CPU
		{0135BCC2-FD08-4910-AA89-B96FB97A292C}.Release|Any CPU.Build.0 = Release|Any CPU
		{B2F8CADA-069D-4C08-8FE6-5FF8B10CDF90}.Debug|Any CPU.ActiveCfg = Debug|Any CPU
		{B2F8CADA-069D-4C08-8FE6-5FF8B10CDF90}.Debug|Any CPU.Build.0 = Debug|Any CPU
		{B2F8CADA-069D-4C08-8FE6-5FF8B10CDF90}.Release|Any CPU.ActiveCfg = Release|Any CPU
		{B2F8CADA-069D-4C08-8FE6-5FF8B10CDF90}.Release|Any CPU.Build.0 = Release|Any CPU
		{7BEF7EAA-DE37-40FB-BD33-3DEF0685031F}.Debug|Any CPU.ActiveCfg = Debug|Any CPU
		{7BEF7EAA-DE37-40FB-BD33-3DEF0685031F}.Debug|Any CPU.Build.0 = Debug|Any CPU
		{7BEF7EAA-DE37-40FB-BD33-3DEF0685031F}.Release|Any CPU.ActiveCfg = Release|Any CPU
		{7BEF7EAA-DE37-40FB-BD33-3DEF0685031F}.Release|Any CPU.Build.0 = Release|Any CPU
		{808C766B-49E9-4700-8727-4C4980EFDE6D}.Debug|Any CPU.ActiveCfg = Debug|Any CPU
		{808C766B-49E9-4700-8727-4C4980EFDE6D}.Debug|Any CPU.Build.0 = Debug|Any CPU
		{808C766B-49E9-4700-8727-4C4980EFDE6D}.Release|Any CPU.ActiveCfg = Release|Any CPU
		{808C766B-49E9-4700-8727-4C4980EFDE6D}.Release|Any CPU.Build.0 = Release|Any CPU
		{89B625C1-CB81-49B4-A4F5-57AC43E62576}.Debug|Any CPU.ActiveCfg = Debug|Any CPU
		{89B625C1-CB81-49B4-A4F5-57AC43E62576}.Debug|Any CPU.Build.0 = Debug|Any CPU
		{89B625C1-CB81-49B4-A4F5-57AC43E62576}.Release|Any CPU.ActiveCfg = Release|Any CPU
		{89B625C1-CB81-49B4-A4F5-57AC43E62576}.Release|Any CPU.Build.0 = Release|Any CPU
		{6BD09AD9-EDE2-4A14-B81F-1614827242F2}.Debug|Any CPU.ActiveCfg = Debug|Any CPU
		{6BD09AD9-EDE2-4A14-B81F-1614827242F2}.Debug|Any CPU.Build.0 = Debug|Any CPU
		{6BD09AD9-EDE2-4A14-B81F-1614827242F2}.Release|Any CPU.ActiveCfg = Release|Any CPU
		{6BD09AD9-EDE2-4A14-B81F-1614827242F2}.Release|Any CPU.Build.0 = Release|Any CPU
		{6A2CB3DD-5F55-4A61-903C-31374DD5057C}.Debug|Any CPU.ActiveCfg = Debug|Any CPU
		{6A2CB3DD-5F55-4A61-903C-31374DD5057C}.Debug|Any CPU.Build.0 = Debug|Any CPU
		{6A2CB3DD-5F55-4A61-903C-31374DD5057C}.Release|Any CPU.ActiveCfg = Release|Any CPU
		{6A2CB3DD-5F55-4A61-903C-31374DD5057C}.Release|Any CPU.Build.0 = Release|Any CPU
		{52630647-5CB0-43FA-9259-ECDC6F0D8883}.Debug|Any CPU.ActiveCfg = Debug|Any CPU
		{52630647-5CB0-43FA-9259-ECDC6F0D8883}.Debug|Any CPU.Build.0 = Debug|Any CPU
		{52630647-5CB0-43FA-9259-ECDC6F0D8883}.Release|Any CPU.ActiveCfg = Release|Any CPU
		{52630647-5CB0-43FA-9259-ECDC6F0D8883}.Release|Any CPU.Build.0 = Release|Any CPU
		{E4184C14-A2AD-4AB8-9D32-464402000516}.Debug|Any CPU.ActiveCfg = Debug|Any CPU
		{E4184C14-A2AD-4AB8-9D32-464402000516}.Debug|Any CPU.Build.0 = Debug|Any CPU
		{E4184C14-A2AD-4AB8-9D32-464402000516}.Release|Any CPU.ActiveCfg = Release|Any CPU
		{E4184C14-A2AD-4AB8-9D32-464402000516}.Release|Any CPU.Build.0 = Release|Any CPU
	EndGlobalSection
	GlobalSection(SolutionProperties) = preSolution
		HideSolutionNode = FALSE
	EndGlobalSection
EndGlobal
